// !$*UTF8*$!
{
	archiveVersion = 1;
	classes = {
	};
	objectVersion = 50;
	objects = {

/* Begin PBXBuildFile section */
		7F13CA3722119FA500ED6B0D /* File.swift in Sources */ = {isa = PBXBuildFile; fileRef = 7F13CA3622119FA500ED6B0D /* File.swift */; };
		7F16E23D220064A600EE9EFC /* Pin.swift in Sources */ = {isa = PBXBuildFile; fileRef = 7F16E23C220064A600EE9EFC /* Pin.swift */; };
		7F2063DD21E5FAA600082D80 /* AppDelegate.swift in Sources */ = {isa = PBXBuildFile; fileRef = 7F2063DC21E5FAA600082D80 /* AppDelegate.swift */; };
		7F2063DF21E5FAA600082D80 /* ViewController.swift in Sources */ = {isa = PBXBuildFile; fileRef = 7F2063DE21E5FAA600082D80 /* ViewController.swift */; };
		7F2063E221E5FAA600082D80 /* Main.storyboard in Resources */ = {isa = PBXBuildFile; fileRef = 7F2063E021E5FAA600082D80 /* Main.storyboard */; };
		7F2063E421E5FAA800082D80 /* Assets.xcassets in Resources */ = {isa = PBXBuildFile; fileRef = 7F2063E321E5FAA800082D80 /* Assets.xcassets */; };
		7F2063E721E5FAA800082D80 /* LaunchScreen.storyboard in Resources */ = {isa = PBXBuildFile; fileRef = 7F2063E521E5FAA800082D80 /* LaunchScreen.storyboard */; };
		7F2063EF21E60AEE00082D80 /* AdvancedConfigUI.swift in Sources */ = {isa = PBXBuildFile; fileRef = 7F2063EE21E60AEE00082D80 /* AdvancedConfigUI.swift */; };
		7FD117B621ECBED500980B10 /* LoginController.swift in Sources */ = {isa = PBXBuildFile; fileRef = 7FD117B521ECBED500980B10 /* LoginController.swift */; };
		7FD48C1121F5C4B400CF95D3 /* RegisterController.swift in Sources */ = {isa = PBXBuildFile; fileRef = 7FD48C1021F5C4B400CF95D3 /* RegisterController.swift */; };
		7FEAFD262212BA210079FD95 /* DetalleViewController.swift in Sources */ = {isa = PBXBuildFile; fileRef = 7FEAFD252212BA210079FD95 /* DetalleViewController.swift */; };
		7FEDEC5921FEF30500913F78 /* MapViewController.swift in Sources */ = {isa = PBXBuildFile; fileRef = 7FEDEC5821FEF30500913F78 /* MapViewController.swift */; };
		7FEDEC5B21FEF72B00913F78 /* GlobalData.swift in Sources */ = {isa = PBXBuildFile; fileRef = 7FEDEC5A21FEF72B00913F78 /* GlobalData.swift */; };
		7FEDEC5D21FEFF0900913F78 /* Spot.swift in Sources */ = {isa = PBXBuildFile; fileRef = 7FEDEC5C21FEFF0900913F78 /* Spot.swift */; };
		7FEDEC5F21FF0A1700913F78 /* AnadirViewController.swift in Sources */ = {isa = PBXBuildFile; fileRef = 7FEDEC5E21FF0A1700913F78 /* AnadirViewController.swift */; };
		7FFD18FE221178730005724E /* TableViewCell.swift in Sources */ = {isa = PBXBuildFile; fileRef = 7FFD18FD221178730005724E /* TableViewCell.swift */; };
		7FFD1900221179130005724E /* TableViewController.swift in Sources */ = {isa = PBXBuildFile; fileRef = 7FFD18FF221179130005724E /* TableViewController.swift */; };
		C84C64F897AA40CE9339144E /* Pods_AppDeMapas.framework in Frameworks */ = {isa = PBXBuildFile; fileRef = F8320B9C0B5EAE994C6E10D8 /* Pods_AppDeMapas.framework */; };
/* End PBXBuildFile section */

/* Begin PBXFileReference section */
		7F13CA3622119FA500ED6B0D /* File.swift */ = {isa = PBXFileReference; lastKnownFileType = sourcecode.swift; path = File.swift; sourceTree = "<group>"; };
		7F16E23C220064A600EE9EFC /* Pin.swift */ = {isa = PBXFileReference; lastKnownFileType = sourcecode.swift; path = Pin.swift; sourceTree = "<group>"; };
		7F2063D921E5FAA600082D80 /* AppDeMapas.app */ = {isa = PBXFileReference; explicitFileType = wrapper.application; includeInIndex = 0; path = AppDeMapas.app; sourceTree = BUILT_PRODUCTS_DIR; };
		7F2063DC21E5FAA600082D80 /* AppDelegate.swift */ = {isa = PBXFileReference; lastKnownFileType = sourcecode.swift; path = AppDelegate.swift; sourceTree = "<group>"; };
		7F2063DE21E5FAA600082D80 /* ViewController.swift */ = {isa = PBXFileReference; lastKnownFileType = sourcecode.swift; path = ViewController.swift; sourceTree = "<group>"; };
		7F2063E121E5FAA600082D80 /* Base */ = {isa = PBXFileReference; lastKnownFileType = file.storyboard; name = Base; path = Base.lproj/Main.storyboard; sourceTree = "<group>"; };
		7F2063E321E5FAA800082D80 /* Assets.xcassets */ = {isa = PBXFileReference; lastKnownFileType = folder.assetcatalog; path = Assets.xcassets; sourceTree = "<group>"; };
		7F2063E621E5FAA800082D80 /* Base */ = {isa = PBXFileReference; lastKnownFileType = file.storyboard; name = Base; path = Base.lproj/LaunchScreen.storyboard; sourceTree = "<group>"; };
		7F2063E821E5FAA800082D80 /* Info.plist */ = {isa = PBXFileReference; lastKnownFileType = text.plist.xml; path = Info.plist; sourceTree = "<group>"; };
		7F2063EE21E60AEE00082D80 /* AdvancedConfigUI.swift */ = {isa = PBXFileReference; lastKnownFileType = sourcecode.swift; path = AdvancedConfigUI.swift; sourceTree = "<group>"; };
		7FD117B521ECBED500980B10 /* LoginController.swift */ = {isa = PBXFileReference; lastKnownFileType = sourcecode.swift; path = LoginController.swift; sourceTree = "<group>"; };
		7FD48C1021F5C4B400CF95D3 /* RegisterController.swift */ = {isa = PBXFileReference; lastKnownFileType = sourcecode.swift; path = RegisterController.swift; sourceTree = "<group>"; };
		7FEAFD252212BA210079FD95 /* DetalleViewController.swift */ = {isa = PBXFileReference; lastKnownFileType = sourcecode.swift; path = DetalleViewController.swift; sourceTree = "<group>"; };
		7FEDEC5821FEF30500913F78 /* MapViewController.swift */ = {isa = PBXFileReference; lastKnownFileType = sourcecode.swift; path = MapViewController.swift; sourceTree = "<group>"; };
		7FEDEC5A21FEF72B00913F78 /* GlobalData.swift */ = {isa = PBXFileReference; lastKnownFileType = sourcecode.swift; path = GlobalData.swift; sourceTree = "<group>"; };
		7FEDEC5C21FEFF0900913F78 /* Spot.swift */ = {isa = PBXFileReference; lastKnownFileType = sourcecode.swift; path = Spot.swift; sourceTree = "<group>"; };
		7FEDEC5E21FF0A1700913F78 /* AnadirViewController.swift */ = {isa = PBXFileReference; lastKnownFileType = sourcecode.swift; path = AnadirViewController.swift; sourceTree = "<group>"; };
		7FFD18FD221178730005724E /* TableViewCell.swift */ = {isa = PBXFileReference; lastKnownFileType = sourcecode.swift; path = TableViewCell.swift; sourceTree = "<group>"; };
		7FFD18FF221179130005724E /* TableViewController.swift */ = {isa = PBXFileReference; lastKnownFileType = sourcecode.swift; path = TableViewController.swift; sourceTree = "<group>"; };
		E2F0059D147A7AA7DD898096 /* Pods-AppDeMapas.release.xcconfig */ = {isa = PBXFileReference; includeInIndex = 1; lastKnownFileType = text.xcconfig; name = "Pods-AppDeMapas.release.xcconfig"; path = "Pods/Target Support Files/Pods-AppDeMapas/Pods-AppDeMapas.release.xcconfig"; sourceTree = "<group>"; };
		F5F65981271006D8CCF6CDE6 /* Pods-AppDeMapas.debug.xcconfig */ = {isa = PBXFileReference; includeInIndex = 1; lastKnownFileType = text.xcconfig; name = "Pods-AppDeMapas.debug.xcconfig"; path = "Pods/Target Support Files/Pods-AppDeMapas/Pods-AppDeMapas.debug.xcconfig"; sourceTree = "<group>"; };
		F8320B9C0B5EAE994C6E10D8 /* Pods_AppDeMapas.framework */ = {isa = PBXFileReference; explicitFileType = wrapper.framework; includeInIndex = 0; path = Pods_AppDeMapas.framework; sourceTree = BUILT_PRODUCTS_DIR; };
/* End PBXFileReference section */

/* Begin PBXFrameworksBuildPhase section */
		7F2063D621E5FAA600082D80 /* Frameworks */ = {
			isa = PBXFrameworksBuildPhase;
			buildActionMask = 2147483647;
			files = (
				C84C64F897AA40CE9339144E /* Pods_AppDeMapas.framework in Frameworks */,
			);
			runOnlyForDeploymentPostprocessing = 0;
		};
/* End PBXFrameworksBuildPhase section */

/* Begin PBXGroup section */
		0B5B14CBB72F7DCE32412AE3 /* Frameworks */ = {
			isa = PBXGroup;
			children = (
				F8320B9C0B5EAE994C6E10D8 /* Pods_AppDeMapas.framework */,
			);
			name = Frameworks;
			sourceTree = "<group>";
		};
		4F2BBADC45C0B684CD46BB3B /* Pods */ = {
			isa = PBXGroup;
			children = (
				F5F65981271006D8CCF6CDE6 /* Pods-AppDeMapas.debug.xcconfig */,
				E2F0059D147A7AA7DD898096 /* Pods-AppDeMapas.release.xcconfig */,
			);
			name = Pods;
			sourceTree = "<group>";
		};
		7F2063D021E5FAA600082D80 = {
			isa = PBXGroup;
			children = (
				7F2063DB21E5FAA600082D80 /* AppDeMapas */,
				7F2063DA21E5FAA600082D80 /* Products */,
				4F2BBADC45C0B684CD46BB3B /* Pods */,
				0B5B14CBB72F7DCE32412AE3 /* Frameworks */,
			);
			sourceTree = "<group>";
		};
		7F2063DA21E5FAA600082D80 /* Products */ = {
			isa = PBXGroup;
			children = (
				7F2063D921E5FAA600082D80 /* AppDeMapas.app */,
			);
			name = Products;
			sourceTree = "<group>";
		};
		7F2063DB21E5FAA600082D80 /* AppDeMapas */ = {
			isa = PBXGroup;
			children = (
				7FEDEC5E21FF0A1700913F78 /* AnadirViewController.swift */,
				7F16E23C220064A600EE9EFC /* Pin.swift */,
				7F2063DC21E5FAA600082D80 /* AppDelegate.swift */,
				7F2063DE21E5FAA600082D80 /* ViewController.swift */,
				7F2063E021E5FAA600082D80 /* Main.storyboard */,
				7F13CA3622119FA500ED6B0D /* File.swift */,
				7FD48C1021F5C4B400CF95D3 /* RegisterController.swift */,
				7FD117B521ECBED500980B10 /* LoginController.swift */,
				7F2063EE21E60AEE00082D80 /* AdvancedConfigUI.swift */,
				7F2063E321E5FAA800082D80 /* Assets.xcassets */,
				7F2063E521E5FAA800082D80 /* LaunchScreen.storyboard */,
				7F2063E821E5FAA800082D80 /* Info.plist */,
				7FEDEC5821FEF30500913F78 /* MapViewController.swift */,
				7FEDEC5C21FEFF0900913F78 /* Spot.swift */,
				7FEDEC5A21FEF72B00913F78 /* GlobalData.swift */,
				7FFD18FD221178730005724E /* TableViewCell.swift */,
				7FFD18FF221179130005724E /* TableViewController.swift */,
				7FEAFD252212BA210079FD95 /* DetalleViewController.swift */,
			);
			path = AppDeMapas;
			sourceTree = "<group>";
		};
/* End PBXGroup section */

/* Begin PBXNativeTarget section */
		7F2063D821E5FAA600082D80 /* AppDeMapas */ = {
			isa = PBXNativeTarget;
			buildConfigurationList = 7F2063EB21E5FAA800082D80 /* Build configuration list for PBXNativeTarget "AppDeMapas" */;
			buildPhases = (
				EC3DFEF2EFA4DDA8E2212D9D /* [CP] Check Pods Manifest.lock */,
				7F2063D521E5FAA600082D80 /* Sources */,
				7F2063D621E5FAA600082D80 /* Frameworks */,
				7F2063D721E5FAA600082D80 /* Resources */,
				4DDB40AFFA1BDE334381C5E8 /* [CP] Embed Pods Frameworks */,
			);
			buildRules = (
			);
			dependencies = (
			);
			name = AppDeMapas;
			productName = AppDeMapas;
			productReference = 7F2063D921E5FAA600082D80 /* AppDeMapas.app */;
			productType = "com.apple.product-type.application";
		};
/* End PBXNativeTarget section */

/* Begin PBXProject section */
		7F2063D121E5FAA600082D80 /* Project object */ = {
			isa = PBXProject;
			attributes = {
				LastSwiftUpdateCheck = 0940;
				LastUpgradeCheck = 0940;
				ORGANIZATIONNAME = alumnos;
				TargetAttributes = {
					7F2063D821E5FAA600082D80 = {
						CreatedOnToolsVersion = 9.4.1;
					};
				};
			};
			buildConfigurationList = 7F2063D421E5FAA600082D80 /* Build configuration list for PBXProject "AppDeMapas" */;
			compatibilityVersion = "Xcode 9.3";
			developmentRegion = en;
			hasScannedForEncodings = 0;
			knownRegions = (
				en,
				Base,
			);
			mainGroup = 7F2063D021E5FAA600082D80;
			productRefGroup = 7F2063DA21E5FAA600082D80 /* Products */;
			projectDirPath = "";
			projectRoot = "";
			targets = (
				7F2063D821E5FAA600082D80 /* AppDeMapas */,
			);
		};
/* End PBXProject section */

/* Begin PBXResourcesBuildPhase section */
		7F2063D721E5FAA600082D80 /* Resources */ = {
			isa = PBXResourcesBuildPhase;
			buildActionMask = 2147483647;
			files = (
				7F2063E721E5FAA800082D80 /* LaunchScreen.storyboard in Resources */,
				7F2063E421E5FAA800082D80 /* Assets.xcassets in Resources */,
				7F2063E221E5FAA600082D80 /* Main.storyboard in Resources */,
			);
			runOnlyForDeploymentPostprocessing = 0;
		};
/* End PBXResourcesBuildPhase section */

/* Begin PBXShellScriptBuildPhase section */
		4DDB40AFFA1BDE334381C5E8 /* [CP] Embed Pods Frameworks */ = {
			isa = PBXShellScriptBuildPhase;
			buildActionMask = 2147483647;
			files = (
			);
			inputPaths = (
				"${SRCROOT}/Pods/Target Support Files/Pods-AppDeMapas/Pods-AppDeMapas-frameworks.sh",
				"${BUILT_PRODUCTS_DIR}/Alamofire/Alamofire.framework",
			);
			name = "[CP] Embed Pods Frameworks";
			outputPaths = (
				"${TARGET_BUILD_DIR}/${FRAMEWORKS_FOLDER_PATH}/Alamofire.framework",
			);
			runOnlyForDeploymentPostprocessing = 0;
			shellPath = /bin/sh;
			shellScript = "\"${SRCROOT}/Pods/Target Support Files/Pods-AppDeMapas/Pods-AppDeMapas-frameworks.sh\"\n";
			showEnvVarsInLog = 0;
		};
		EC3DFEF2EFA4DDA8E2212D9D /* [CP] Check Pods Manifest.lock */ = {
			isa = PBXShellScriptBuildPhase;
			buildActionMask = 2147483647;
			files = (
			);
			inputPaths = (
				"${PODS_PODFILE_DIR_PATH}/Podfile.lock",
				"${PODS_ROOT}/Manifest.lock",
			);
			name = "[CP] Check Pods Manifest.lock";
			outputPaths = (
				"$(DERIVED_FILE_DIR)/Pods-AppDeMapas-checkManifestLockResult.txt",
			);
			runOnlyForDeploymentPostprocessing = 0;
			shellPath = /bin/sh;
			shellScript = "diff \"${PODS_PODFILE_DIR_PATH}/Podfile.lock\" \"${PODS_ROOT}/Manifest.lock\" > /dev/null\nif [ $? != 0 ] ; then\n    # print error to STDERR\n    echo \"error: The sandbox is not in sync with the Podfile.lock. Run 'pod install' or update your CocoaPods installation.\" >&2\n    exit 1\nfi\n# This output is used by Xcode 'outputs' to avoid re-running this script phase.\necho \"SUCCESS\" > \"${SCRIPT_OUTPUT_FILE_0}\"\n";
			showEnvVarsInLog = 0;
		};
/* End PBXShellScriptBuildPhase section */

/* Begin PBXSourcesBuildPhase section */
		7F2063D521E5FAA600082D80 /* Sources */ = {
			isa = PBXSourcesBuildPhase;
			buildActionMask = 2147483647;
			files = (
				7FEAFD262212BA210079FD95 /* DetalleViewController.swift in Sources */,
				7FD48C1121F5C4B400CF95D3 /* RegisterController.swift in Sources */,
				7FEDEC5921FEF30500913F78 /* MapViewController.swift in Sources */,
				7F2063EF21E60AEE00082D80 /* AdvancedConfigUI.swift in Sources */,
				7FEDEC5D21FEFF0900913F78 /* Spot.swift in Sources */,
				7F2063DF21E5FAA600082D80 /* ViewController.swift in Sources */,
				7FFD1900221179130005724E /* TableViewController.swift in Sources */,
				7F16E23D220064A600EE9EFC /* Pin.swift in Sources */,
				7FFD18FE221178730005724E /* TableViewCell.swift in Sources */,
				7FEDEC5B21FEF72B00913F78 /* GlobalData.swift in Sources */,
				7F2063DD21E5FAA600082D80 /* AppDelegate.swift in Sources */,
				7F13CA3722119FA500ED6B0D /* File.swift in Sources */,
				7FD117B621ECBED500980B10 /* LoginController.swift in Sources */,
				7FEDEC5F21FF0A1700913F78 /* AnadirViewController.swift in Sources */,
			);
			runOnlyForDeploymentPostprocessing = 0;
		};
/* End PBXSourcesBuildPhase section */

/* Begin PBXVariantGroup section */
		7F2063E021E5FAA600082D80 /* Main.storyboard */ = {
			isa = PBXVariantGroup;
			children = (
				7F2063E121E5FAA600082D80 /* Base */,
			);
			name = Main.storyboard;
			sourceTree = "<group>";
		};
		7F2063E521E5FAA800082D80 /* LaunchScreen.storyboard */ = {
			isa = PBXVariantGroup;
			children = (
				7F2063E621E5FAA800082D80 /* Base */,
			);
			name = LaunchScreen.storyboard;
			sourceTree = "<group>";
		};
/* End PBXVariantGroup section */

/* Begin XCBuildConfiguration section */
		7F2063E921E5FAA800082D80 /* Debug */ = {
			isa = XCBuildConfiguration;
			buildSettings = {
				ALWAYS_SEARCH_USER_PATHS = NO;
				CLANG_ANALYZER_NONNULL = YES;
				CLANG_ANALYZER_NUMBER_OBJECT_CONVERSION = YES_AGGRESSIVE;
				CLANG_CXX_LANGUAGE_STANDARD = "gnu++14";
				CLANG_CXX_LIBRARY = "libc++";
				CLANG_ENABLE_MODULES = YES;
				CLANG_ENABLE_OBJC_ARC = YES;
				CLANG_ENABLE_OBJC_WEAK = YES;
				CLANG_WARN_BLOCK_CAPTURE_AUTORELEASING = YES;
				CLANG_WARN_BOOL_CONVERSION = YES;
				CLANG_WARN_COMMA = YES;
				CLANG_WARN_CONSTANT_CONVERSION = YES;
				CLANG_WARN_DEPRECATED_OBJC_IMPLEMENTATIONS = YES;
				CLANG_WARN_DIRECT_OBJC_ISA_USAGE = YES_ERROR;
				CLANG_WARN_DOCUMENTATION_COMMENTS = YES;
				CLANG_WARN_EMPTY_BODY = YES;
				CLANG_WARN_ENUM_CONVERSION = YES;
				CLANG_WARN_INFINITE_RECURSION = YES;
				CLANG_WARN_INT_CONVERSION = YES;
				CLANG_WARN_NON_LITERAL_NULL_CONVERSION = YES;
				CLANG_WARN_OBJC_IMPLICIT_RETAIN_SELF = YES;
				CLANG_WARN_OBJC_LITERAL_CONVERSION = YES;
				CLANG_WARN_OBJC_ROOT_CLASS = YES_ERROR;
				CLANG_WARN_RANGE_LOOP_ANALYSIS = YES;
				CLANG_WARN_STRICT_PROTOTYPES = YES;
				CLANG_WARN_SUSPICIOUS_MOVE = YES;
				CLANG_WARN_UNGUARDED_AVAILABILITY = YES_AGGRESSIVE;
				CLANG_WARN_UNREACHABLE_CODE = YES;
				CLANG_WARN__DUPLICATE_METHOD_MATCH = YES;
				CODE_SIGN_IDENTITY = "iPhone Developer";
				COPY_PHASE_STRIP = NO;
				DEBUG_INFORMATION_FORMAT = dwarf;
				ENABLE_STRICT_OBJC_MSGSEND = YES;
				ENABLE_TESTABILITY = YES;
				GCC_C_LANGUAGE_STANDARD = gnu11;
				GCC_DYNAMIC_NO_PIC = NO;
				GCC_NO_COMMON_BLOCKS = YES;
				GCC_OPTIMIZATION_LEVEL = 0;
				GCC_PREPROCESSOR_DEFINITIONS = (
					"DEBUG=1",
					"$(inherited)",
				);
				GCC_WARN_64_TO_32_BIT_CONVERSION = YES;
				GCC_WARN_ABOUT_RETURN_TYPE = YES_ERROR;
				GCC_WARN_UNDECLARED_SELECTOR = YES;
				GCC_WARN_UNINITIALIZED_AUTOS = YES_AGGRESSIVE;
				GCC_WARN_UNUSED_FUNCTION = YES;
				GCC_WARN_UNUSED_VARIABLE = YES;
				IPHONEOS_DEPLOYMENT_TARGET = 11.4;
				MTL_ENABLE_DEBUG_INFO = YES;
				ONLY_ACTIVE_ARCH = YES;
				SDKROOT = iphoneos;
				SWIFT_ACTIVE_COMPILATION_CONDITIONS = DEBUG;
				SWIFT_OPTIMIZATION_LEVEL = "-Onone";
			};
			name = Debug;
		};
		7F2063EA21E5FAA800082D80 /* Release */ = {
			isa = XCBuildConfiguration;
			buildSettings = {
				ALWAYS_SEARCH_USER_PATHS = NO;
				CLANG_ANALYZER_NONNULL = YES;
				CLANG_ANALYZER_NUMBER_OBJECT_CONVERSION = YES_AGGRESSIVE;
				CLANG_CXX_LANGUAGE_STANDARD = "gnu++14";
				CLANG_CXX_LIBRARY = "libc++";
				CLANG_ENABLE_MODULES = YES;
				CLANG_ENABLE_OBJC_ARC = YES;
				CLANG_ENABLE_OBJC_WEAK = YES;
				CLANG_WARN_BLOCK_CAPTURE_AUTORELEASING = YES;
				CLANG_WARN_BOOL_CONVERSION = YES;
				CLANG_WARN_COMMA = YES;
				CLANG_WARN_CONSTANT_CONVERSION = YES;
				CLANG_WARN_DEPRECATED_OBJC_IMPLEMENTATIONS = YES;
				CLANG_WARN_DIRECT_OBJC_ISA_USAGE = YES_ERROR;
				CLANG_WARN_DOCUMENTATION_COMMENTS = YES;
				CLANG_WARN_EMPTY_BODY = YES;
				CLANG_WARN_ENUM_CONVERSION = YES;
				CLANG_WARN_INFINITE_RECURSION = YES;
				CLANG_WARN_INT_CONVERSION = YES;
				CLANG_WARN_NON_LITERAL_NULL_CONVERSION = YES;
				CLANG_WARN_OBJC_IMPLICIT_RETAIN_SELF = YES;
				CLANG_WARN_OBJC_LITERAL_CONVERSION = YES;
				CLANG_WARN_OBJC_ROOT_CLASS = YES_ERROR;
				CLANG_WARN_RANGE_LOOP_ANALYSIS = YES;
				CLANG_WARN_STRICT_PROTOTYPES = YES;
				CLANG_WARN_SUSPICIOUS_MOVE = YES;
				CLANG_WARN_UNGUARDED_AVAILABILITY = YES_AGGRESSIVE;
				CLANG_WARN_UNREACHABLE_CODE = YES;
				CLANG_WARN__DUPLICATE_METHOD_MATCH = YES;
				CODE_SIGN_IDENTITY = "iPhone Developer";
				COPY_PHASE_STRIP = NO;
				DEBUG_INFORMATION_FORMAT = "dwarf-with-dsym";
				ENABLE_NS_ASSERTIONS = NO;
				ENABLE_STRICT_OBJC_MSGSEND = YES;
				GCC_C_LANGUAGE_STANDARD = gnu11;
				GCC_NO_COMMON_BLOCKS = YES;
				GCC_WARN_64_TO_32_BIT_CONVERSION = YES;
				GCC_WARN_ABOUT_RETURN_TYPE = YES_ERROR;
				GCC_WARN_UNDECLARED_SELECTOR = YES;
				GCC_WARN_UNINITIALIZED_AUTOS = YES_AGGRESSIVE;
				GCC_WARN_UNUSED_FUNCTION = YES;
				GCC_WARN_UNUSED_VARIABLE = YES;
				IPHONEOS_DEPLOYMENT_TARGET = 11.4;
				MTL_ENABLE_DEBUG_INFO = NO;
				SDKROOT = iphoneos;
				SWIFT_COMPILATION_MODE = wholemodule;
				SWIFT_OPTIMIZATION_LEVEL = "-O";
				VALIDATE_PRODUCT = YES;
			};
			name = Release;
		};
		7F2063EC21E5FAA800082D80 /* Debug */ = {
			isa = XCBuildConfiguration;
			baseConfigurationReference = F5F65981271006D8CCF6CDE6 /* Pods-AppDeMapas.debug.xcconfig */;
			buildSettings = {
				ASSETCATALOG_COMPILER_APPICON_NAME = AppIcon;
				CODE_SIGN_STYLE = Automatic;
				INFOPLIST_FILE = AppDeMapas/Info.plist;
				IPHONEOS_DEPLOYMENT_TARGET = 11.3;
				LD_RUNPATH_SEARCH_PATHS = (
					"$(inherited)",
					"@executable_path/Frameworks",
				);
				PRODUCT_BUNDLE_IDENTIFIER = Cev.AppDeMapas;
				PRODUCT_NAME = "$(TARGET_NAME)";
				SWIFT_VERSION = 4.0;
				TARGETED_DEVICE_FAMILY = "1,2";
			};
			name = Debug;
		};
		7F2063ED21E5FAA800082D80 /* Release */ = {
			isa = XCBuildConfiguration;
			baseConfigurationReference = E2F0059D147A7AA7DD898096 /* Pods-AppDeMapas.release.xcconfig */;
			buildSettings = {
				ASSETCATALOG_COMPILER_APPICON_NAME = AppIcon;
				CODE_SIGN_STYLE = Automatic;
				INFOPLIST_FILE = AppDeMapas/Info.plist;
				IPHONEOS_DEPLOYMENT_TARGET = 11.3;
				LD_RUNPATH_SEARCH_PATHS = (
					"$(inherited)",
					"@executable_path/Frameworks",
				);
				PRODUCT_BUNDLE_IDENTIFIER = Cev.AppDeMapas;
				PRODUCT_NAME = "$(TARGET_NAME)";
				SWIFT_VERSION = 4.0;
				TARGETED_DEVICE_FAMILY = "1,2";
			};
			name = Release;
		};
/* End XCBuildConfiguration section */

/* Begin XCConfigurationList section */
		7F2063D421E5FAA600082D80 /* Build configuration list for PBXProject "AppDeMapas" */ = {
			isa = XCConfigurationList;
			buildConfigurations = (
				7F2063E921E5FAA800082D80 /* Debug */,
				7F2063EA21E5FAA800082D80 /* Release */,
			);
			defaultConfigurationIsVisible = 0;
			defaultConfigurationName = Release;
		};
		7F2063EB21E5FAA800082D80 /* Build configuration list for PBXNativeTarget "AppDeMapas" */ = {
			isa = XCConfigurationList;
			buildConfigurations = (
				7F2063EC21E5FAA800082D80 /* Debug */,
				7F2063ED21E5FAA800082D80 /* Release */,
			);
			defaultConfigurationIsVisible = 0;
			defaultConfigurationName = Release;
		};
/* End XCConfigurationList section */
	};
	rootObject = 7F2063D121E5FAA600082D80 /* Project object */;
}
